<?xml version="1.0" encoding="utf-8"?>
<Project ToolsVersion="4.0" xmlns="http://schemas.microsoft.com/developer/msbuild/2003">
  <ItemGroup>
    <Filter Include="Source Files">
      <UniqueIdentifier>{4FC737F1-C7A5-4376-A066-2A32D752A2FF}</UniqueIdentifier>
      <Extensions>qml;cpp;c;cc;cxx;def;odl;idl;hpj;bat;asm;asmx</Extensions>
    </Filter>
    <Filter Include="Header Files">
      <UniqueIdentifier>{93995380-89BD-4b04-88EB-625FBE52EBFB}</UniqueIdentifier>
      <Extensions>h;hh;hpp;hxx;hm;inl;inc;xsd</Extensions>
    </Filter>
    <Filter Include="Resource Files">
      <UniqueIdentifier>{67DA6AB6-F800-4c08-8B7A-83BB121AAD01}</UniqueIdentifier>
      <Extensions>qrc;rc;ico;cur;bmp;dlg;rc2;rct;bin;rgs;gif;jpg;jpeg;jpe;resx;tiff;tif;png;wav;mfcribbon-ms</Extensions>
    </Filter>
    <Filter Include="Form Files">
      <UniqueIdentifier>{99349809-55BA-4b9d-BF79-8FDBB0286EB3}</UniqueIdentifier>
      <Extensions>ui</Extensions>
    </Filter>
    <Filter Include="Translation Files">
      <UniqueIdentifier>{639EADAA-A684-42e4-A9AD-28FC9BCB8F7C}</UniqueIdentifier>
      <Extensions>ts</Extensions>
    </Filter>
  </ItemGroup>
  <ItemGroup>
    <QtUic Include="CurvePlotting.ui">
      <Filter>Form Files</Filter>
    </QtUic>
    <QtMoc Include="CurvePlotting.h">
      <Filter>Header Files</Filter>
    </QtMoc>
    <ClCompile Include="CurvePlotting.cpp">
      <Filter>Source Files</Filter>
    </ClCompile>
    <QtUic Include="FormMesh.ui">
      <Filter>Form Files</Filter>
    </QtUic>
    <QtUic Include="FormPostprocessing.ui">
      <Filter>Form Files</Filter>
    </QtUic>
    <QtUic Include="FormRun.ui">
      <Filter>Form Files</Filter>
    </QtUic>
    <QtUic Include="FormGeometry.ui">
      <Filter>Form Files</Filter>
    </QtUic>
    <QtUic Include="FormMeshImport.ui">
      <Filter>Form Files</Filter>
    </QtUic>
    <QtUic Include="FormModelClip.ui">
      <Filter>Form Files</Filter>
    </QtUic>
    <QtUic Include="FormBoundaryConditions.ui">
      <Filter>Form Files</Filter>
    </QtUic>
    <QtUic Include="FormBoundaryConditionsTabWidget.ui">
      <Filter>Form Files</Filter>
    </QtUic>
    <QtUic Include="FormSolver.ui">
      <Filter>Form Files</Filter>
    </QtUic>
    <QtUic Include="FormTurbulence.ui">
      <Filter>Form Files</Filter>
    </QtUic>
    <QtUic Include="DialogResultMerge.ui">
      <Filter>Form Files</Filter>
    </QtUic>
    <QtUic Include="DialogInformationPrompt.ui">
      <Filter>Form Files</Filter>
    </QtUic>
    <QtUic Include="FormRadiation.ui">
      <Filter>Form Files</Filter>
    </QtUic>
    <QtUic Include="FormThermo.ui">
      <Filter>Form Files</Filter>
    </QtUic>
    <QtUic Include="FormTransportProperties.ui">
      <Filter>Form Files</Filter>
    </QtUic>
    <QtUic Include="CustomItemWidgetMeshRegions2.ui">
      <Filter>Form Files</Filter>
    </QtUic>
    <QtUic Include="CustomItemWidgetMeshRegions1.ui">
      <Filter>Form Files</Filter>
    </QtUic>
    <QtUic Include="CustomItemWidgetMeshBoundaries2.ui">
      <Filter>Form Files</Filter>
    </QtUic>
    <QtUic Include="CustomItemWidgetMeshBoundaries1.ui">
      <Filter>Form Files</Filter>
    </QtUic>
    <QtUic Include="CustomItemWidgetMeshZones.ui">
      <Filter>Form Files</Filter>
    </QtUic>
    <QtUic Include="FormThermoListWidget.ui">
      <Filter>Form Files</Filter>
    </QtUic>
    <QtUic Include="FormCellZones.ui">
      <Filter>Form Files</Filter>
    </QtUic>
    <QtUic Include="FormInitialConditions.ui">
      <Filter>Form Files</Filter>
    </QtUic>
    <QtUic Include="CustomItemWidgetBoundaryConditions.ui">
      <Filter>Form Files</Filter>
    </QtUic>
    <QtUic Include="FormInitialConditionsTabWidget.ui">
      <Filter>Form Files</Filter>
    </QtUic>
    <QtUic Include="FormCellZonesTabWidget.ui">
      <Filter>Form Files</Filter>
    </QtUic>
    <QtUic Include="CustomItemWidgetCellZones.ui">
      <Filter>Form Files</Filter>
    </QtUic>
    <QtUic Include="FormOperatingConditions.ui">
      <Filter>Form Files</Filter>
    </QtUic>
    <QtUic Include="MainWindow.ui">
      <Filter>Form Files</Filter>
    </QtUic>
    <QtUic Include="MainWindowSetting.ui">
      <Filter>Form Files</Filter>
    </QtUic>
  </ItemGroup>
  <ItemGroup>
    <ClCompile Include="ThreeDimensionalComputation.cpp">
      <Filter>Source Files</Filter>
    </ClCompile>
    <ClCompile Include="FormMesh.cpp">
      <Filter>Source Files</Filter>
    </ClCompile>
    <ClCompile Include="GlobalData.cpp">
      <Filter>Source Files</Filter>
    </ClCompile>
    <ClCompile Include="main.cpp">
      <Filter>Source Files</Filter>
    </ClCompile>
    <ClCompile Include="FormPostprocessing.cpp">
      <Filter>Source Files</Filter>
    </ClCompile>
    <ClCompile Include="FormRun.cpp">
      <Filter>Source Files</Filter>
    </ClCompile>
    <ClCompile Include="FormGeometry.cpp">
      <Filter>Source Files</Filter>
    </ClCompile>
    <ClCompile Include="FormMeshImport.cpp">
      <Filter>Source Files</Filter>
    </ClCompile>
    <ClCompile Include="FormModelClip.cpp">
      <Filter>Source Files</Filter>
    </ClCompile>
    <ClCompile Include="FormBoundaryConditions.cpp">
      <Filter>Source Files</Filter>
    </ClCompile>
    <ClCompile Include="FormBoundaryConditionsTabWidget.cpp">
      <Filter>Source Files</Filter>
    </ClCompile>
    <ClCompile Include="FormSolver.cpp">
      <Filter>Source Files</Filter>
    </ClCompile>
    <ClCompile Include="FormTurbulence.cpp">
      <Filter>Source Files</Filter>
    </ClCompile>
    <ClCompile Include="DialogResultMerge.cpp">
      <Filter>Source Files</Filter>
    </ClCompile>
    <ClCompile Include="DialogInformationPrompt.cpp">
      <Filter>Source Files</Filter>
    </ClCompile>
    <ClCompile Include="FormRadiation.cpp">
      <Filter>Source Files</Filter>
    </ClCompile>
    <ClCompile Include="FormThermo.cpp">
      <Filter>Source Files</Filter>
    </ClCompile>
    <ClCompile Include="FormTransportProperties.cpp">
      <Filter>Source Files</Filter>
    </ClCompile>
    <ClCompile Include="CustomItemWidget.cpp">
      <Filter>Source Files</Filter>
    </ClCompile>
    <ClCompile Include="FormThermoListWidget.cpp">
      <Filter>Source Files</Filter>
    </ClCompile>
    <ClCompile Include="FormCellZones.cpp">
      <Filter>Source Files</Filter>
    </ClCompile>
    <ClCompile Include="FormInitialConditions.cpp">
      <Filter>Source Files</Filter>
    </ClCompile>
    <ClCompile Include="FormInitialConditionsTabWidget.cpp">
      <Filter>Source Files</Filter>
    </ClCompile>
    <ClCompile Include="FormCellZonesTabWidget.cpp">
      <Filter>Source Files</Filter>
    </ClCompile>
    <ClCompile Include="FormOperatingConditions.cpp">
      <Filter>Source Files</Filter>
    </ClCompile>
    <ClCompile Include="MainWindow.cpp">
      <Filter>Source Files</Filter>
    </ClCompile>
    <ClCompile Include="MainWindowSetting.cpp">
      <Filter>Source Files</Filter>
    </ClCompile>
  </ItemGroup>
  <ItemGroup>
    <QtMoc Include="ThreeDimensionalComputation.h">
      <Filter>Header Files</Filter>
    </QtMoc>
    <QtMoc Include="FormMesh.h">
      <Filter>Header Files</Filter>
    </QtMoc>
    <QtMoc Include="FormPostprocessing.h">
      <Filter>Header Files</Filter>
    </QtMoc>
    <QtMoc Include="FormRun.h">
      <Filter>Header Files</Filter>
    </QtMoc>
    <QtMoc Include="FormGeometry.h">
      <Filter>Header Files</Filter>
    </QtMoc>
    <QtMoc Include="FormMeshImport.h">
      <Filter>Header Files</Filter>
    </QtMoc>
    <QtMoc Include="CustomHoverPushButton.h">
      <Filter>Header Files</Filter>
    </QtMoc>
    <QtMoc Include="CustomDoubleClickPushButton.h">
      <Filter>Header Files</Filter>
    </QtMoc>
    <QtMoc Include="FormModelClip.h">
      <Filter>Header Files</Filter>
    </QtMoc>
    <QtMoc Include="FormBoundaryConditions.h">
      <Filter>Header Files</Filter>
    </QtMoc>
    <QtMoc Include="CustomRoundedImageLabel.h">
      <Filter>Header Files</Filter>
    </QtMoc>
    <QtMoc Include="FormBoundaryConditionsTabWidget.h">
      <Filter>Header Files</Filter>
    </QtMoc>
    <QtMoc Include="CustomCheckBoxDelegate.h">
      <Filter>Header Files</Filter>
    </QtMoc>
    <QtMoc Include="FormSolver.h">
      <Filter>Header Files</Filter>
    </QtMoc>
    <QtMoc Include="FormTurbulence.h">
      <Filter>Header Files</Filter>
    </QtMoc>
    <QtMoc Include="DialogResultMerge.h">
      <Filter>Header Files</Filter>
    </QtMoc>
    <QtMoc Include="DialogInformationPrompt.h">
      <Filter>Header Files</Filter>
    </QtMoc>
    <QtMoc Include="FormThermo.h">
      <Filter>Header Files</Filter>
    </QtMoc>
    <QtMoc Include="FormTransportProperties.h">
      <Filter>Header Files</Filter>
    </QtMoc>
    <QtMoc Include="FormRadiation.h">
      <Filter>Header Files</Filter>
    </QtMoc>
    <QtMoc Include="CustomItemWidget.h">
      <Filter>Header Files</Filter>
    </QtMoc>
    <QtMoc Include="FormThermoListWidget.h">
      <Filter>Header Files</Filter>
    </QtMoc>
    <QtMoc Include="FormCellZones.h">
      <Filter>Header Files</Filter>
    </QtMoc>
    <QtMoc Include="FormInitialConditions.h">
      <Filter>Header Files</Filter>
    </QtMoc>
    <QtMoc Include="FormInitialConditionsTabWidget.h">
      <Filter>Header Files</Filter>
    </QtMoc>
    <QtMoc Include="FormCellZonesTabWidget.h">
      <Filter>Header Files</Filter>
    </QtMoc>
    <QtMoc Include="FormOperatingConditions.h">
      <Filter>Header Files</Filter>
    </QtMoc>
    <QtMoc Include="MainWindow.h">
      <Filter>Header Files</Filter>
    </QtMoc>
    <QtMoc Include="MainWindowSetting.h">
      <Filter>Header Files</Filter>
    </QtMoc>
  </ItemGroup>
  <ItemGroup>
    <QtUic Include="ThreeDimensionalComputation.ui">
      <Filter>Form Files</Filter>
    </QtUic>
  </ItemGroup>
  <ItemGroup>
    <ClInclude Include="GlobalData.h">
      <Filter>Header Files</Filter>
    </ClInclude>
    <ClInclude Include="resource.h">
      <Filter>Header Files</Filter>
    </ClInclude>
  </ItemGroup>
  <ItemGroup>
    <ResourceCompile Include="MAVES.rc">
      <Filter>Resource Files</Filter>
    </ResourceCompile>
  </ItemGroup>
  <ItemGroup>
    <Image Include="..\res\icon.ico">
      <Filter>Resource Files</Filter>
    </Image>
  </ItemGroup>
</Project>